{
  "requires": true,
  "lockfileVersion": 1,
  "dependencies": {
    "mburger-css": {
      "version": "1.3.3",
      "resolved": "https://registry.npmjs.org/mburger-css/-/mburger-css-1.3.3.tgz",
      "integrity": "sha512-Dfu/45Hl8XbHW87NWhefbGCu6asPPbpA2KXki3Ah3fyeiXH/R4km1EiAf/CxmDDd/R3401HSF8FcWr3hWKgBhg=="
    }
  }
}
